
Microsoft Visual Studio Solution File, Format Version 12.00
# Visual Studio Version 17
VisualStudioVersion = 17.14.36414.22 d17.14
MinimumVisualStudioVersion = 10.0.40219.1
Project("{FAE04EC0-301F-11D3-BF4B-00C04F79EFBC}") = "ShelfScan", "ShelfScan\ShelfScan.csproj", "{2A1B70E6-1FBB-4874-B9E3-846836A40474}"
EndProject
Global
	GlobalSection(SolutionConfigurationPlatforms) = preSolution
		Debug|Any CPU = Debug|Any CPU
		Release|Any CPU = Release|Any CPU
	EndGlobalSection
	GlobalSection(ProjectConfigurationPlatforms) = postSolution
		{2A1B70E6-1FBB-4874-B9E3-846836A40474}.Debug|Any CPU.ActiveCfg = Debug|Any CPU
		{2A1B70E6-1FBB-4874-B9E3-846836A40474}.Debug|Any CPU.Build.0 = Debug|Any CPU
		{2A1B70E6-1FBB-4874-B9E3-846836A40474}.Release|Any CPU.ActiveCfg = Release|Any CPU
		{2A1B70E6-1FBB-4874-B9E3-846836A40474}.Release|Any CPU.Build.0 = Release|Any CPU
	EndGlobalSection
	GlobalSection(SolutionProperties) = preSolution
		HideSolutionNode = FALSE
	EndGlobalSection
	GlobalSection(ExtensibilityGlobals) = postSolution
		SolutionGuid = {8AA5D5F8-9D94-4B8B-8C91-9B1E0CBE167F}
	EndGlobalSection
EndGlobal
